
Microsoft Visual Studio Solution File, Format Version 12.00
# Visual Studio 2012
Project("{FAE04EC0-301F-11D3-BF4B-00C04F79EFBC}") = "ObservableSequences", "ObservableSequences\ObservableSequences.csproj", "{4EECBB36-B39D-431B-9732-53B38BFE941D}"
EndProject
Global
	GlobalSection(SolutionConfigurationPlatforms) = preSolution
		Debug|Any CPU = Debug|Any CPU
		Release|Any CPU = Release|Any CPU
	EndGlobalSection
	GlobalSection(ProjectConfigurationPlatforms) = postSolution
		{4EECBB36-B39D-431B-9732-53B38BFE941D}.Debug|Any CPU.ActiveCfg = Debug|Any CPU
		{4EECBB36-B39D-431B-9732-53B38BFE941D}.Debug|Any CPU.Build.0 = Debug|Any CPU
		{4EECBB36-B39D-431B-9732-53B38BFE941D}.Release|Any CPU.ActiveCfg = Release|Any CPU
		{4EECBB36-B39D-431B-9732-53B38BFE941D}.Release|Any CPU.Build.0 = Release|Any CPU
	EndGlobalSection
	GlobalSection(SolutionProperties) = preSolution
		HideSolutionNode = FALSE
	EndGlobalSection
EndGlobal
